
Microsoft Visual Studio Solution File, Format Version 12.00
# Visual Studio Version 16
VisualStudioVersion = 16.0.31702.278
MinimumVisualStudioVersion = 10.0.40219.1
Project("{FAE04EC0-301F-11D3-BF4B-00C04F79EFBC}") = "CostOfMAX", "CostOfMAX\CostOfMAX.csproj", "{06CD37C7-C38E-492B-B6DE-AC8EFC310473}"
EndProject
Global
	GlobalSection(SolutionConfigurationPlatforms) = preSolution
		Debug|Any CPU = Debug|Any CPU
		Release|Any CPU = Release|Any CPU
	EndGlobalSection
	GlobalSection(ProjectConfigurationPlatforms) = postSolution
		{06CD37C7-C38E-492B-B6DE-AC8EFC310473}.Debug|Any CPU.ActiveCfg = Debug|Any CPU
		{06CD37C7-C38E-492B-B6DE-AC8EFC310473}.Debug|Any CPU.Build.0 = Debug|Any CPU
		{06CD37C7-C38E-492B-B6DE-AC8EFC310473}.Release|Any CPU.ActiveCfg = Release|Any CPU
		{06CD37C7-C38E-492B-B6DE-AC8EFC310473}.Release|Any CPU.Build.0 = Release|Any CPU
	EndGlobalSection
	GlobalSection(SolutionProperties) = preSolution
		HideSolutionNode = FALSE
	EndGlobalSection
	GlobalSection(ExtensibilityGlobals) = postSolution
		SolutionGuid = {00219756-BC63-4171-A62D-A7712517FE3C}
	EndGlobalSection
EndGlobal
